
Microsoft Visual Studio Solution File, Format Version 12.00
# Visual Studio Version 16
VisualStudioVersion = 16.0.30907.101
MinimumVisualStudioVersion = 10.0.40219.1
Project("{FAE04EC0-301F-11D3-BF4B-00C04F79EFBC}") = "MyDictionary", "Camp Homework (MyDictionary)\MyDictionary.csproj", "{361261AC-48CB-43E2-9F17-7917C487078E}"
EndProject
Global
	GlobalSection(SolutionConfigurationPlatforms) = preSolution
		Debug|Any CPU = Debug|Any CPU
		Release|Any CPU = Release|Any CPU
	EndGlobalSection
	GlobalSection(ProjectConfigurationPlatforms) = postSolution
		{361261AC-48CB-43E2-9F17-7917C487078E}.Debug|Any CPU.ActiveCfg = Debug|Any CPU
		{361261AC-48CB-43E2-9F17-7917C487078E}.Debug|Any CPU.Build.0 = Debug|Any CPU
		{361261AC-48CB-43E2-9F17-7917C487078E}.Release|Any CPU.ActiveCfg = Release|Any CPU
		{361261AC-48CB-43E2-9F17-7917C487078E}.Release|Any CPU.Build.0 = Release|Any CPU
	EndGlobalSection
	GlobalSection(SolutionProperties) = preSolution
		HideSolutionNode = FALSE
	EndGlobalSection
	GlobalSection(ExtensibilityGlobals) = postSolution
		SolutionGuid = {632ACDEF-5755-45DA-89DB-2D137B9B5279}
	EndGlobalSection
EndGlobal
